
Microsoft Visual Studio Solution File, Format Version 12.00
# Visual Studio Version 17
VisualStudioVersion = 17.6.33723.286
MinimumVisualStudioVersion = 10.0.40219.1
Project("{FAE04EC0-301F-11D3-BF4B-00C04F79EFBC}") = "24CV-WEB", "24CV-WEB\24CV-WEB.csproj", "{7ED9711B-667F-44F0-9B86-A9B326129206}"
EndProject
Global
	GlobalSection(SolutionConfigurationPlatforms) = preSolution
		Debug|Any CPU = Debug|Any CPU
		Release|Any CPU = Release|Any CPU
	EndGlobalSection
	GlobalSection(ProjectConfigurationPlatforms) = postSolution
		{7ED9711B-667F-44F0-9B86-A9B326129206}.Debug|Any CPU.ActiveCfg = Debug|Any CPU
		{7ED9711B-667F-44F0-9B86-A9B326129206}.Debug|Any CPU.Build.0 = Debug|Any CPU
		{7ED9711B-667F-44F0-9B86-A9B326129206}.Release|Any CPU.ActiveCfg = Release|Any CPU
		{7ED9711B-667F-44F0-9B86-A9B326129206}.Release|Any CPU.Build.0 = Release|Any CPU
	EndGlobalSection
	GlobalSection(SolutionProperties) = preSolution
		HideSolutionNode = FALSE
	EndGlobalSection
	GlobalSection(ExtensibilityGlobals) = postSolution
		SolutionGuid = {6234189D-DDDB-46DF-9DEF-607241E18F8A}
	EndGlobalSection
EndGlobal
